{
  "object": {
    "pins": [
      {
        "package": "Swift-Sandbox-Model",
        "repositoryURL": "https://github.com/pajapro/Swift-Sandbox-Model",
        "state": {
          "branch": null,
          "revision": "c7152618e14a4a8c44466fc5d20e30529660d5f4",
          "version": "1.0.1"
        }
      }
    ]
  },
  "version": 1
}
